
Microsoft Visual Studio Solution File, Format Version 12.00
# Visual Studio Version 16
VisualStudioVersion = 16.0.30804.86
MinimumVisualStudioVersion = 10.0.40219.1
Project("{2150E333-8FDC-42A3-9474-1A3956D46DE8}") = "src", "src", "{0775B8DC-EC94-4517-B5A5-9FE2495A2241}"
EndProject
Project("{8BC9CEB8-8B4A-11D0-8D11-00A0C91BC942}") = "StringInversion", "src\StringInversion\StringInversion.vcxproj", "{4EA2405E-7A2E-44DF-8D58-4FA55A2B0696}"
EndProject
Project("{8BC9CEB8-8B4A-11D0-8D11-00A0C91BC942}") = "StringInversionConsole", "src\StringInversionConsole\StringInversionConsole.vcxproj", "{496DD9B6-DF0E-4035-8EE8-EFB31AC44C4E}"
	ProjectSection(ProjectDependencies) = postProject
		{4EA2405E-7A2E-44DF-8D58-4FA55A2B0696} = {4EA2405E-7A2E-44DF-8D58-4FA55A2B0696}
	EndProjectSection
EndProject
Project("{2150E333-8FDC-42A3-9474-1A3956D46DE8}") = "WPF", "WPF", "{948586BE-58AE-4BEC-81A3-647BB50E8A27}"
EndProject
Project("{9A19103F-16F7-4668-BE54-9A1E7A4F7556}") = "StringInversionWPF", "src\WPF\StringInversionWPF\StringInversionWPF.csproj", "{9BE5C3C4-5CD2-4E80-8FB3-EFA71A3EB633}"
EndProject
Project("{9A19103F-16F7-4668-BE54-9A1E7A4F7556}") = "Database", "src\WPF\Database\Database.csproj", "{DC7C7A61-5F8A-4072-91B3-1263DE2B2A2A}"
EndProject
Project("{9A19103F-16F7-4668-BE54-9A1E7A4F7556}") = "DataManager", "src\WPF\DataManager\DataManager.csproj", "{406E4D15-B77E-4FFA-B617-08CD4B4FB520}"
EndProject
Project("{9A19103F-16F7-4668-BE54-9A1E7A4F7556}") = "Models", "src\WPF\Models\Models.csproj", "{C4E26E60-24F6-4D82-B2DC-35A25EDF177C}"
EndProject
Global
	GlobalSection(SolutionConfigurationPlatforms) = preSolution
		Debug|Any CPU = Debug|Any CPU
		Debug|x64 = Debug|x64
		Debug|x86 = Debug|x86
		Release|Any CPU = Release|Any CPU
		Release|x64 = Release|x64
		Release|x86 = Release|x86
	EndGlobalSection
	GlobalSection(ProjectConfigurationPlatforms) = postSolution
		{4EA2405E-7A2E-44DF-8D58-4FA55A2B0696}.Debug|Any CPU.ActiveCfg = Debug|x64
		{4EA2405E-7A2E-44DF-8D58-4FA55A2B0696}.Debug|Any CPU.Build.0 = Debug|x64
		{4EA2405E-7A2E-44DF-8D58-4FA55A2B0696}.Debug|x64.ActiveCfg = Debug|x64
		{4EA2405E-7A2E-44DF-8D58-4FA55A2B0696}.Debug|x64.Build.0 = Debug|x64
		{4EA2405E-7A2E-44DF-8D58-4FA55A2B0696}.Debug|x86.ActiveCfg = Debug|Win32
		{4EA2405E-7A2E-44DF-8D58-4FA55A2B0696}.Debug|x86.Build.0 = Debug|Win32
		{4EA2405E-7A2E-44DF-8D58-4FA55A2B0696}.Release|Any CPU.ActiveCfg = Release|x64
		{4EA2405E-7A2E-44DF-8D58-4FA55A2B0696}.Release|Any CPU.Build.0 = Release|x64
		{4EA2405E-7A2E-44DF-8D58-4FA55A2B0696}.Release|x64.ActiveCfg = Release|x64
		{4EA2405E-7A2E-44DF-8D58-4FA55A2B0696}.Release|x64.Build.0 = Release|x64
		{4EA2405E-7A2E-44DF-8D58-4FA55A2B0696}.Release|x86.ActiveCfg = Release|Win32
		{4EA2405E-7A2E-44DF-8D58-4FA55A2B0696}.Release|x86.Build.0 = Release|Win32
		{496DD9B6-DF0E-4035-8EE8-EFB31AC44C4E}.Debug|Any CPU.ActiveCfg = Debug|x64
		{496DD9B6-DF0E-4035-8EE8-EFB31AC44C4E}.Debug|Any CPU.Build.0 = Debug|x64
		{496DD9B6-DF0E-4035-8EE8-EFB31AC44C4E}.Debug|x64.ActiveCfg = Debug|x64
		{496DD9B6-DF0E-4035-8EE8-EFB31AC44C4E}.Debug|x64.Build.0 = Debug|x64
		{496DD9B6-DF0E-4035-8EE8-EFB31AC44C4E}.Debug|x86.ActiveCfg = Debug|Win32
		{496DD9B6-DF0E-4035-8EE8-EFB31AC44C4E}.Debug|x86.Build.0 = Debug|Win32
		{496DD9B6-DF0E-4035-8EE8-EFB31AC44C4E}.Release|Any CPU.ActiveCfg = Release|x64
		{496DD9B6-DF0E-4035-8EE8-EFB31AC44C4E}.Release|Any CPU.Build.0 = Release|x64
		{496DD9B6-DF0E-4035-8EE8-EFB31AC44C4E}.Release|x64.ActiveCfg = Release|x64
		{496DD9B6-DF0E-4035-8EE8-EFB31AC44C4E}.Release|x64.Build.0 = Release|x64
		{496DD9B6-DF0E-4035-8EE8-EFB31AC44C4E}.Release|x86.ActiveCfg = Release|Win32
		{496DD9B6-DF0E-4035-8EE8-EFB31AC44C4E}.Release|x86.Build.0 = Release|Win32
		{9BE5C3C4-5CD2-4E80-8FB3-EFA71A3EB633}.Debug|Any CPU.ActiveCfg = Debug|Any CPU
		{9BE5C3C4-5CD2-4E80-8FB3-EFA71A3EB633}.Debug|Any CPU.Build.0 = Debug|Any CPU
		{9BE5C3C4-5CD2-4E80-8FB3-EFA71A3EB633}.Debug|x64.ActiveCfg = Debug|Any CPU
		{9BE5C3C4-5CD2-4E80-8FB3-EFA71A3EB633}.Debug|x64.Build.0 = Debug|Any CPU
		{9BE5C3C4-5CD2-4E80-8FB3-EFA71A3EB633}.Debug|x86.ActiveCfg = Debug|Any CPU
		{9BE5C3C4-5CD2-4E80-8FB3-EFA71A3EB633}.Debug|x86.Build.0 = Debug|Any CPU
		{9BE5C3C4-5CD2-4E80-8FB3-EFA71A3EB633}.Release|Any CPU.ActiveCfg = Release|Any CPU
		{9BE5C3C4-5CD2-4E80-8FB3-EFA71A3EB633}.Release|Any CPU.Build.0 = Release|Any CPU
		{9BE5C3C4-5CD2-4E80-8FB3-EFA71A3EB633}.Release|x64.ActiveCfg = Release|Any CPU
		{9BE5C3C4-5CD2-4E80-8FB3-EFA71A3EB633}.Release|x64.Build.0 = Release|Any CPU
		{9BE5C3C4-5CD2-4E80-8FB3-EFA71A3EB633}.Release|x86.ActiveCfg = Release|Any CPU
		{9BE5C3C4-5CD2-4E80-8FB3-EFA71A3EB633}.Release|x86.Build.0 = Release|Any CPU
		{DC7C7A61-5F8A-4072-91B3-1263DE2B2A2A}.Debug|Any CPU.ActiveCfg = Debug|Any CPU
		{DC7C7A61-5F8A-4072-91B3-1263DE2B2A2A}.Debug|Any CPU.Build.0 = Debug|Any CPU
		{DC7C7A61-5F8A-4072-91B3-1263DE2B2A2A}.Debug|x64.ActiveCfg = Debug|Any CPU
		{DC7C7A61-5F8A-4072-91B3-1263DE2B2A2A}.Debug|x64.Build.0 = Debug|Any CPU
		{DC7C7A61-5F8A-4072-91B3-1263DE2B2A2A}.Debug|x86.ActiveCfg = Debug|Any CPU
		{DC7C7A61-5F8A-4072-91B3-1263DE2B2A2A}.Debug|x86.Build.0 = Debug|Any CPU
		{DC7C7A61-5F8A-4072-91B3-1263DE2B2A2A}.Release|Any CPU.ActiveCfg = Release|Any CPU
		{DC7C7A61-5F8A-4072-91B3-1263DE2B2A2A}.Release|Any CPU.Build.0 = Release|Any CPU
		{DC7C7A61-5F8A-4072-91B3-1263DE2B2A2A}.Release|x64.ActiveCfg = Release|Any CPU
		{DC7C7A61-5F8A-4072-91B3-1263DE2B2A2A}.Release|x64.Build.0 = Release|Any CPU
		{DC7C7A61-5F8A-4072-91B3-1263DE2B2A2A}.Release|x86.ActiveCfg = Release|Any CPU
		{DC7C7A61-5F8A-4072-91B3-1263DE2B2A2A}.Release|x86.Build.0 = Release|Any CPU
		{406E4D15-B77E-4FFA-B617-08CD4B4FB520}.Debug|Any CPU.ActiveCfg = Debug|Any CPU
		{406E4D15-B77E-4FFA-B617-08CD4B4FB520}.Debug|Any CPU.Build.0 = Debug|Any CPU
		{406E4D15-B77E-4FFA-B617-08CD4B4FB520}.Debug|x64.ActiveCfg = Debug|Any CPU
		{406E4D15-B77E-4FFA-B617-08CD4B4FB520}.Debug|x64.Build.0 = Debug|Any CPU
		{406E4D15-B77E-4FFA-B617-08CD4B4FB520}.Debug|x86.ActiveCfg = Debug|Any CPU
		{406E4D15-B77E-4FFA-B617-08CD4B4FB520}.Debug|x86.Build.0 = Debug|Any CPU
		{406E4D15-B77E-4FFA-B617-08CD4B4FB520}.Release|Any CPU.ActiveCfg = Release|Any CPU
		{406E4D15-B77E-4FFA-B617-08CD4B4FB520}.Release|Any CPU.Build.0 = Release|Any CPU
		{406E4D15-B77E-4FFA-B617-08CD4B4FB520}.Release|x64.ActiveCfg = Release|Any CPU
		{406E4D15-B77E-4FFA-B617-08CD4B4FB520}.Release|x64.Build.0 = Release|Any CPU
		{406E4D15-B77E-4FFA-B617-08CD4B4FB520}.Release|x86.ActiveCfg = Release|Any CPU
		{406E4D15-B77E-4FFA-B617-08CD4B4FB520}.Release|x86.Build.0 = Release|Any CPU
		{C4E26E60-24F6-4D82-B2DC-35A25EDF177C}.Debug|Any CPU.ActiveCfg = Debug|Any CPU
		{C4E26E60-24F6-4D82-B2DC-35A25EDF177C}.Debug|Any CPU.Build.0 = Debug|Any CPU
		{C4E26E60-24F6-4D82-B2DC-35A25EDF177C}.Debug|x64.ActiveCfg = Debug|Any CPU
		{C4E26E60-24F6-4D82-B2DC-35A25EDF177C}.Debug|x64.Build.0 = Debug|Any CPU
		{C4E26E60-24F6-4D82-B2DC-35A25EDF177C}.Debug|x86.ActiveCfg = Debug|Any CPU
		{C4E26E60-24F6-4D82-B2DC-35A25EDF177C}.Debug|x86.Build.0 = Debug|Any CPU
		{C4E26E60-24F6-4D82-B2DC-35A25EDF177C}.Release|Any CPU.ActiveCfg = Release|Any CPU
		{C4E26E60-24F6-4D82-B2DC-35A25EDF177C}.Release|Any CPU.Build.0 = Release|Any CPU
		{C4E26E60-24F6-4D82-B2DC-35A25EDF177C}.Release|x64.ActiveCfg = Release|Any CPU
		{C4E26E60-24F6-4D82-B2DC-35A25EDF177C}.Release|x64.Build.0 = Release|Any CPU
		{C4E26E60-24F6-4D82-B2DC-35A25EDF177C}.Release|x86.ActiveCfg = Release|Any CPU
		{C4E26E60-24F6-4D82-B2DC-35A25EDF177C}.Release|x86.Build.0 = Release|Any CPU
	EndGlobalSection
	GlobalSection(SolutionProperties) = preSolution
		HideSolutionNode = FALSE
	EndGlobalSection
	GlobalSection(NestedProjects) = preSolution
		{4EA2405E-7A2E-44DF-8D58-4FA55A2B0696} = {0775B8DC-EC94-4517-B5A5-9FE2495A2241}
		{496DD9B6-DF0E-4035-8EE8-EFB31AC44C4E} = {0775B8DC-EC94-4517-B5A5-9FE2495A2241}
		{948586BE-58AE-4BEC-81A3-647BB50E8A27} = {0775B8DC-EC94-4517-B5A5-9FE2495A2241}
		{9BE5C3C4-5CD2-4E80-8FB3-EFA71A3EB633} = {948586BE-58AE-4BEC-81A3-647BB50E8A27}
		{DC7C7A61-5F8A-4072-91B3-1263DE2B2A2A} = {948586BE-58AE-4BEC-81A3-647BB50E8A27}
		{406E4D15-B77E-4FFA-B617-08CD4B4FB520} = {948586BE-58AE-4BEC-81A3-647BB50E8A27}
		{C4E26E60-24F6-4D82-B2DC-35A25EDF177C} = {948586BE-58AE-4BEC-81A3-647BB50E8A27}
	EndGlobalSection
	GlobalSection(ExtensibilityGlobals) = postSolution
		SolutionGuid = {FDDFF00D-3EEE-44FF-8CB0-808AE7EECD6B}
	EndGlobalSection
EndGlobal
